
Microsoft Visual Studio Solution File, Format Version 12.00
# Visual Studio Version 17
VisualStudioVersion = 17.3.32922.545
MinimumVisualStudioVersion = 10.0.40219.1
Project("{FAE04EC0-301F-11D3-BF4B-00C04F79EFBC}") = "Praga.Paisakanaku.Web", "Praga.Paisakanaku.Web.csproj", "{E2CAA107-E72D-4BAF-A210-BAE561945B98}"
EndProject
Project("{9A19103F-16F7-4668-BE54-9A1E7A4F7556}") = "Praga.PaisaKanaku.Core", "..\Praga.PaisaKanaku.Core\Praga.PaisaKanaku.Core.csproj", "{F466A553-0404-44B7-ACE1-9A4E6664F618}"
EndProject
Global
	GlobalSection(SolutionConfigurationPlatforms) = preSolution
		Debug|Any CPU = Debug|Any CPU
		Release|Any CPU = Release|Any CPU
	EndGlobalSection
	GlobalSection(ProjectConfigurationPlatforms) = postSolution
		{E2CAA107-E72D-4BAF-A210-BAE561945B98}.Debug|Any CPU.ActiveCfg = Debug|Any CPU
		{E2CAA107-E72D-4BAF-A210-BAE561945B98}.Debug|Any CPU.Build.0 = Debug|Any CPU
		{E2CAA107-E72D-4BAF-A210-BAE561945B98}.Release|Any CPU.ActiveCfg = Release|Any CPU
		{E2CAA107-E72D-4BAF-A210-BAE561945B98}.Release|Any CPU.Build.0 = Release|Any CPU
		{F466A553-0404-44B7-ACE1-9A4E6664F618}.Debug|Any CPU.ActiveCfg = Debug|Any CPU
		{F466A553-0404-44B7-ACE1-9A4E6664F618}.Debug|Any CPU.Build.0 = Debug|Any CPU
		{F466A553-0404-44B7-ACE1-9A4E6664F618}.Release|Any CPU.ActiveCfg = Release|Any CPU
		{F466A553-0404-44B7-ACE1-9A4E6664F618}.Release|Any CPU.Build.0 = Release|Any CPU
	EndGlobalSection
	GlobalSection(SolutionProperties) = preSolution
		HideSolutionNode = FALSE
	EndGlobalSection
	GlobalSection(ExtensibilityGlobals) = postSolution
		SolutionGuid = {EDB5B8E0-EDBF-4899-8A7C-002D7F4B2BA0}
	EndGlobalSection
EndGlobal
